
Microsoft Visual Studio Solution File, Format Version 12.00
# Visual Studio Version 16
VisualStudioVersion = 16.0.30503.244
MinimumVisualStudioVersion = 10.0.40219.1
Project("{FAE04EC0-301F-11D3-BF4B-00C04F79EFBC}") = "Demo_proj", "Demo_proj\Demo_proj.csproj", "{3E8AE265-B27F-4972-8D40-23CC321E2F82}"
EndProject
Global
	GlobalSection(SolutionConfigurationPlatforms) = preSolution
		Debug|Any CPU = Debug|Any CPU
		Release|Any CPU = Release|Any CPU
	EndGlobalSection
	GlobalSection(ProjectConfigurationPlatforms) = postSolution
		{3E8AE265-B27F-4972-8D40-23CC321E2F82}.Debug|Any CPU.ActiveCfg = Debug|Any CPU
		{3E8AE265-B27F-4972-8D40-23CC321E2F82}.Debug|Any CPU.Build.0 = Debug|Any CPU
		{3E8AE265-B27F-4972-8D40-23CC321E2F82}.Release|Any CPU.ActiveCfg = Release|Any CPU
		{3E8AE265-B27F-4972-8D40-23CC321E2F82}.Release|Any CPU.Build.0 = Release|Any CPU
	EndGlobalSection
	GlobalSection(SolutionProperties) = preSolution
		HideSolutionNode = FALSE
	EndGlobalSection
	GlobalSection(ExtensibilityGlobals) = postSolution
		SolutionGuid = {9B9BE728-F950-4B7F-B5A8-77600486FD2F}
	EndGlobalSection
EndGlobal
